{
  "nodes": {
    "home-manager": {
      "inputs": {
        "nixpkgs": [
          "nixpkgs"
        ]
      },
      "locked": {
        "lastModified": 1739757849,
        "narHash": "sha256-Gs076ot1YuAAsYVcyidLKUMIc4ooOaRGO0PqTY7sBzA=",
        "owner": "nix-community",
        "repo": "home-manager",
        "rev": "9d3d080aec2a35e05a15cedd281c2384767c2cfe",
        "type": "github"
      },
      "original": {
        "owner": "nix-community",
        "ref": "release-24.11",
        "repo": "home-manager",
        "type": "github"
      }
    },
    "nixpkgs": {
      "locked": {
        "lastModified": 1740925807,
        "narHash": "sha256-fxwx4ROd6JweHzrFPVTSt8UYlQNQtRzZDoa4st6TQ74=",
        "type": "tarball",
        "url": "https://mirrors.ustc.edu.cn/nix-channels/nixos-24.11/nixexprs.tar.xz"
      },
      "original": {
        "type": "tarball",
        "url": "https://mirrors.ustc.edu.cn/nix-channels/nixos-24.11/nixexprs.tar.xz"
      }
    },
    "nixpkgs-unstable": {
      "locked": {
        "lastModified": 315532800,
        "narHash": "sha256-NuOe2PUFaaIcscmyu2lpGx+ox6GnDvpM+ocfQl7Ocg0=",
        "type": "tarball",
        "url": "https://mirrors.ustc.edu.cn/nix-channels/nixpkgs-unstable/nixexprs.tar.xz"
      },
      "original": {
        "type": "tarball",
        "url": "https://mirrors.ustc.edu.cn/nix-channels/nixpkgs-unstable/nixexprs.tar.xz"
      }
    },
    "root": {
      "inputs": {
        "home-manager": "home-manager",
        "nixpkgs": "nixpkgs",
        "nixpkgs-unstable": "nixpkgs-unstable"
      }
    }
  },
  "root": "root",
  "version": 7
}
